
Microsoft Visual Studio Solution File, Format Version 12.00
# Visual Studio Version 17
VisualStudioVersion = 17.11.35327.3
MinimumVisualStudioVersion = 10.0.40219.1
Project("{FAE04EC0-301F-11D3-BF4B-00C04F79EFBC}") = "PhongMachTu.WebAPI", "PhongMachTu.WebAPI\PhongMachTu.WebAPI.csproj", "{11BED9E9-FC59-41D1-BBDE-AA8A9737CCF2}"
EndProject
Project("{FAE04EC0-301F-11D3-BF4B-00C04F79EFBC}") = "PhongMachTu.Common", "PhongMachTu.Common\PhongMachTu.Common.csproj", "{95DAF697-912D-45E6-893F-8B527649F75B}"
EndProject
Project("{FAE04EC0-301F-11D3-BF4B-00C04F79EFBC}") = "PhongMachTu.DataAccess", "PhongMachTu.DataAccess\PhongMachTu.DataAccess.csproj", "{9B20D9D0-B38E-4899-B707-928F17438B09}"
EndProject
Project("{FAE04EC0-301F-11D3-BF4B-00C04F79EFBC}") = "PhongMachTu.Service", "PhongMachTu.Service\PhongMachTu.Service.csproj", "{6AC6CE19-331C-4EC6-9E17-7FB573B0756F}"
EndProject
Global
	GlobalSection(SolutionConfigurationPlatforms) = preSolution
		Debug|Any CPU = Debug|Any CPU
		Release|Any CPU = Release|Any CPU
	EndGlobalSection
	GlobalSection(ProjectConfigurationPlatforms) = postSolution
		{11BED9E9-FC59-41D1-BBDE-AA8A9737CCF2}.Debug|Any CPU.ActiveCfg = Debug|Any CPU
		{11BED9E9-FC59-41D1-BBDE-AA8A9737CCF2}.Debug|Any CPU.Build.0 = Debug|Any CPU
		{11BED9E9-FC59-41D1-BBDE-AA8A9737CCF2}.Release|Any CPU.ActiveCfg = Release|Any CPU
		{11BED9E9-FC59-41D1-BBDE-AA8A9737CCF2}.Release|Any CPU.Build.0 = Release|Any CPU
		{95DAF697-912D-45E6-893F-8B527649F75B}.Debug|Any CPU.ActiveCfg = Debug|Any CPU
		{95DAF697-912D-45E6-893F-8B527649F75B}.Debug|Any CPU.Build.0 = Debug|Any CPU
		{95DAF697-912D-45E6-893F-8B527649F75B}.Release|Any CPU.ActiveCfg = Release|Any CPU
		{95DAF697-912D-45E6-893F-8B527649F75B}.Release|Any CPU.Build.0 = Release|Any CPU
		{9B20D9D0-B38E-4899-B707-928F17438B09}.Debug|Any CPU.ActiveCfg = Debug|Any CPU
		{9B20D9D0-B38E-4899-B707-928F17438B09}.Debug|Any CPU.Build.0 = Debug|Any CPU
		{9B20D9D0-B38E-4899-B707-928F17438B09}.Release|Any CPU.ActiveCfg = Release|Any CPU
		{9B20D9D0-B38E-4899-B707-928F17438B09}.Release|Any CPU.Build.0 = Release|Any CPU
		{6AC6CE19-331C-4EC6-9E17-7FB573B0756F}.Debug|Any CPU.ActiveCfg = Debug|Any CPU
		{6AC6CE19-331C-4EC6-9E17-7FB573B0756F}.Debug|Any CPU.Build.0 = Debug|Any CPU
		{6AC6CE19-331C-4EC6-9E17-7FB573B0756F}.Release|Any CPU.ActiveCfg = Release|Any CPU
		{6AC6CE19-331C-4EC6-9E17-7FB573B0756F}.Release|Any CPU.Build.0 = Release|Any CPU
	EndGlobalSection
	GlobalSection(SolutionProperties) = preSolution
		HideSolutionNode = FALSE
	EndGlobalSection
	GlobalSection(ExtensibilityGlobals) = postSolution
		SolutionGuid = {EF5208F3-4526-4DD2-A745-24BD23EADB73}
	EndGlobalSection
EndGlobal
